
Microsoft Visual Studio Solution File, Format Version 12.00
# Visual Studio 14
VisualStudioVersion = 14.0.25420.1
MinimumVisualStudioVersion = 10.0.40219.1
Project("{FAE04EC0-301F-11D3-BF4B-00C04F79EFBC}") = "Aula01", "Aula01\Aula01.csproj", "{736D3BBA-10F4-464E-B8C6-5C4C404CBAEA}"
EndProject
Global
	GlobalSection(SolutionConfigurationPlatforms) = preSolution
		Debug|Any CPU = Debug|Any CPU
		Release|Any CPU = Release|Any CPU
	EndGlobalSection
	GlobalSection(ProjectConfigurationPlatforms) = postSolution
		{736D3BBA-10F4-464E-B8C6-5C4C404CBAEA}.Debug|Any CPU.ActiveCfg = Debug|Any CPU
		{736D3BBA-10F4-464E-B8C6-5C4C404CBAEA}.Debug|Any CPU.Build.0 = Debug|Any CPU
		{736D3BBA-10F4-464E-B8C6-5C4C404CBAEA}.Release|Any CPU.ActiveCfg = Release|Any CPU
		{736D3BBA-10F4-464E-B8C6-5C4C404CBAEA}.Release|Any CPU.Build.0 = Release|Any CPU
	EndGlobalSection
	GlobalSection(SolutionProperties) = preSolution
		HideSolutionNode = FALSE
	EndGlobalSection
EndGlobal
