
Microsoft Visual Studio Solution File, Format Version 12.00
# Visual Studio 15
VisualStudioVersion = 15.0.26430.6
MinimumVisualStudioVersion = 10.0.40219.1
Project("{FAE04EC0-301F-11D3-BF4B-00C04F79EFBC}") = "LocadoraCrescer.WebApi", "LocadoraCrescer.WebApi\LocadoraCrescer.WebApi.csproj", "{F671F031-27F9-4C32-AEA1-6F006B68AA96}"
EndProject
Project("{FAE04EC0-301F-11D3-BF4B-00C04F79EFBC}") = "LocadoraCrescer.Infraestrutura", "LocadoraCrescer.Infraestrutura\LocadoraCrescer.Infraestrutura.csproj", "{1248CF03-2212-49FF-B141-A38D0F711A88}"
EndProject
Project("{FAE04EC0-301F-11D3-BF4B-00C04F79EFBC}") = "LocadoraCrescer.Dominio", "LocadoraCrescer.Dominio\LocadoraCrescer.Dominio.csproj", "{57120B9A-41D8-4515-808E-B2A54D567D88}"
EndProject
Project("{FAE04EC0-301F-11D3-BF4B-00C04F79EFBC}") = "LocadoraCrescer.Testes", "LocadoraCrescer.Testes\LocadoraCrescer.Testes.csproj", "{0ED34263-68DC-43BA-A8C3-0FFC24143FF1}"
EndProject
Global
	GlobalSection(SolutionConfigurationPlatforms) = preSolution
		Debug|Any CPU = Debug|Any CPU
		Debug|ARM = Debug|ARM
		Debug|x64 = Debug|x64
		Debug|x86 = Debug|x86
		Release|Any CPU = Release|Any CPU
		Release|ARM = Release|ARM
		Release|x64 = Release|x64
		Release|x86 = Release|x86
	EndGlobalSection
	GlobalSection(ProjectConfigurationPlatforms) = postSolution
		{F671F031-27F9-4C32-AEA1-6F006B68AA96}.Debug|Any CPU.ActiveCfg = Debug|Any CPU
		{F671F031-27F9-4C32-AEA1-6F006B68AA96}.Debug|Any CPU.Build.0 = Debug|Any CPU
		{F671F031-27F9-4C32-AEA1-6F006B68AA96}.Debug|ARM.ActiveCfg = Debug|Any CPU
		{F671F031-27F9-4C32-AEA1-6F006B68AA96}.Debug|ARM.Build.0 = Debug|Any CPU
		{F671F031-27F9-4C32-AEA1-6F006B68AA96}.Debug|x64.ActiveCfg = Debug|Any CPU
		{F671F031-27F9-4C32-AEA1-6F006B68AA96}.Debug|x64.Build.0 = Debug|Any CPU
		{F671F031-27F9-4C32-AEA1-6F006B68AA96}.Debug|x86.ActiveCfg = Debug|Any CPU
		{F671F031-27F9-4C32-AEA1-6F006B68AA96}.Debug|x86.Build.0 = Debug|Any CPU
		{F671F031-27F9-4C32-AEA1-6F006B68AA96}.Release|Any CPU.ActiveCfg = Release|Any CPU
		{F671F031-27F9-4C32-AEA1-6F006B68AA96}.Release|Any CPU.Build.0 = Release|Any CPU
		{F671F031-27F9-4C32-AEA1-6F006B68AA96}.Release|ARM.ActiveCfg = Release|Any CPU
		{F671F031-27F9-4C32-AEA1-6F006B68AA96}.Release|ARM.Build.0 = Release|Any CPU
		{F671F031-27F9-4C32-AEA1-6F006B68AA96}.Release|x64.ActiveCfg = Release|Any CPU
		{F671F031-27F9-4C32-AEA1-6F006B68AA96}.Release|x64.Build.0 = Release|Any CPU
		{F671F031-27F9-4C32-AEA1-6F006B68AA96}.Release|x86.ActiveCfg = Release|Any CPU
		{F671F031-27F9-4C32-AEA1-6F006B68AA96}.Release|x86.Build.0 = Release|Any CPU
		{1248CF03-2212-49FF-B141-A38D0F711A88}.Debug|Any CPU.ActiveCfg = Debug|Any CPU
		{1248CF03-2212-49FF-B141-A38D0F711A88}.Debug|Any CPU.Build.0 = Debug|Any CPU
		{1248CF03-2212-49FF-B141-A38D0F711A88}.Debug|ARM.ActiveCfg = Debug|Any CPU
		{1248CF03-2212-49FF-B141-A38D0F711A88}.Debug|ARM.Build.0 = Debug|Any CPU
		{1248CF03-2212-49FF-B141-A38D0F711A88}.Debug|x64.ActiveCfg = Debug|Any CPU
		{1248CF03-2212-49FF-B141-A38D0F711A88}.Debug|x64.Build.0 = Debug|Any CPU
		{1248CF03-2212-49FF-B141-A38D0F711A88}.Debug|x86.ActiveCfg = Debug|Any CPU
		{1248CF03-2212-49FF-B141-A38D0F711A88}.Debug|x86.Build.0 = Debug|Any CPU
		{1248CF03-2212-49FF-B141-A38D0F711A88}.Release|Any CPU.ActiveCfg = Release|Any CPU
		{1248CF03-2212-49FF-B141-A38D0F711A88}.Release|Any CPU.Build.0 = Release|Any CPU
		{1248CF03-2212-49FF-B141-A38D0F711A88}.Release|ARM.ActiveCfg = Release|Any CPU
		{1248CF03-2212-49FF-B141-A38D0F711A88}.Release|ARM.Build.0 = Release|Any CPU
		{1248CF03-2212-49FF-B141-A38D0F711A88}.Release|x64.ActiveCfg = Release|Any CPU
		{1248CF03-2212-49FF-B141-A38D0F711A88}.Release|x64.Build.0 = Release|Any CPU
		{1248CF03-2212-49FF-B141-A38D0F711A88}.Release|x86.ActiveCfg = Release|Any CPU
		{1248CF03-2212-49FF-B141-A38D0F711A88}.Release|x86.Build.0 = Release|Any CPU
		{57120B9A-41D8-4515-808E-B2A54D567D88}.Debug|Any CPU.ActiveCfg = Debug|Any CPU
		{57120B9A-41D8-4515-808E-B2A54D567D88}.Debug|Any CPU.Build.0 = Debug|Any CPU
		{57120B9A-41D8-4515-808E-B2A54D567D88}.Debug|ARM.ActiveCfg = Debug|Any CPU
		{57120B9A-41D8-4515-808E-B2A54D567D88}.Debug|ARM.Build.0 = Debug|Any CPU
		{57120B9A-41D8-4515-808E-B2A54D567D88}.Debug|x64.ActiveCfg = Debug|Any CPU
		{57120B9A-41D8-4515-808E-B2A54D567D88}.Debug|x64.Build.0 = Debug|Any CPU
		{57120B9A-41D8-4515-808E-B2A54D567D88}.Debug|x86.ActiveCfg = Debug|Any CPU
		{57120B9A-41D8-4515-808E-B2A54D567D88}.Debug|x86.Build.0 = Debug|Any CPU
		{57120B9A-41D8-4515-808E-B2A54D567D88}.Release|Any CPU.ActiveCfg = Release|Any CPU
		{57120B9A-41D8-4515-808E-B2A54D567D88}.Release|Any CPU.Build.0 = Release|Any CPU
		{57120B9A-41D8-4515-808E-B2A54D567D88}.Release|ARM.ActiveCfg = Release|Any CPU
		{57120B9A-41D8-4515-808E-B2A54D567D88}.Release|ARM.Build.0 = Release|Any CPU
		{57120B9A-41D8-4515-808E-B2A54D567D88}.Release|x64.ActiveCfg = Release|Any CPU
		{57120B9A-41D8-4515-808E-B2A54D567D88}.Release|x64.Build.0 = Release|Any CPU
		{57120B9A-41D8-4515-808E-B2A54D567D88}.Release|x86.ActiveCfg = Release|Any CPU
		{57120B9A-41D8-4515-808E-B2A54D567D88}.Release|x86.Build.0 = Release|Any CPU
		{0ED34263-68DC-43BA-A8C3-0FFC24143FF1}.Debug|Any CPU.ActiveCfg = Debug|x86
		{0ED34263-68DC-43BA-A8C3-0FFC24143FF1}.Debug|ARM.ActiveCfg = Debug|ARM
		{0ED34263-68DC-43BA-A8C3-0FFC24143FF1}.Debug|ARM.Build.0 = Debug|ARM
		{0ED34263-68DC-43BA-A8C3-0FFC24143FF1}.Debug|ARM.Deploy.0 = Debug|ARM
		{0ED34263-68DC-43BA-A8C3-0FFC24143FF1}.Debug|x64.ActiveCfg = Debug|x64
		{0ED34263-68DC-43BA-A8C3-0FFC24143FF1}.Debug|x64.Build.0 = Debug|x64
		{0ED34263-68DC-43BA-A8C3-0FFC24143FF1}.Debug|x64.Deploy.0 = Debug|x64
		{0ED34263-68DC-43BA-A8C3-0FFC24143FF1}.Debug|x86.ActiveCfg = Debug|x86
		{0ED34263-68DC-43BA-A8C3-0FFC24143FF1}.Debug|x86.Build.0 = Debug|x86
		{0ED34263-68DC-43BA-A8C3-0FFC24143FF1}.Debug|x86.Deploy.0 = Debug|x86
		{0ED34263-68DC-43BA-A8C3-0FFC24143FF1}.Release|Any CPU.ActiveCfg = Release|x86
		{0ED34263-68DC-43BA-A8C3-0FFC24143FF1}.Release|ARM.ActiveCfg = Release|ARM
		{0ED34263-68DC-43BA-A8C3-0FFC24143FF1}.Release|ARM.Build.0 = Release|ARM
		{0ED34263-68DC-43BA-A8C3-0FFC24143FF1}.Release|ARM.Deploy.0 = Release|ARM
		{0ED34263-68DC-43BA-A8C3-0FFC24143FF1}.Release|x64.ActiveCfg = Release|x64
		{0ED34263-68DC-43BA-A8C3-0FFC24143FF1}.Release|x64.Build.0 = Release|x64
		{0ED34263-68DC-43BA-A8C3-0FFC24143FF1}.Release|x64.Deploy.0 = Release|x64
		{0ED34263-68DC-43BA-A8C3-0FFC24143FF1}.Release|x86.ActiveCfg = Release|x86
		{0ED34263-68DC-43BA-A8C3-0FFC24143FF1}.Release|x86.Build.0 = Release|x86
		{0ED34263-68DC-43BA-A8C3-0FFC24143FF1}.Release|x86.Deploy.0 = Release|x86
	EndGlobalSection
	GlobalSection(SolutionProperties) = preSolution
		HideSolutionNode = FALSE
	EndGlobalSection
EndGlobal
