
Microsoft Visual Studio Solution File, Format Version 12.00
# Visual Studio 15
VisualStudioVersion = 15.0.26430.6
MinimumVisualStudioVersion = 10.0.40219.1
Project("{FAE04EC0-301F-11D3-BF4B-00C04F79EFBC}") = "EditoraCrescer.WebApi", "EditoraCrescer.WebApi\EditoraCrescer.WebApi.csproj", "{BDAD26C9-146D-4A15-ADDB-31E44767141D}"
EndProject
Project("{FAE04EC0-301F-11D3-BF4B-00C04F79EFBC}") = "EditoraCrescer.Infraestrutura", "EditoraCrescer.Infraestrutura\EditoraCrescer.Infraestrutura.csproj", "{EA71E5BF-64B6-405D-A663-8F67BC566599}"
EndProject
Global
	GlobalSection(SolutionConfigurationPlatforms) = preSolution
		Debug|Any CPU = Debug|Any CPU
		Release|Any CPU = Release|Any CPU
	EndGlobalSection
	GlobalSection(ProjectConfigurationPlatforms) = postSolution
		{BDAD26C9-146D-4A15-ADDB-31E44767141D}.Debug|Any CPU.ActiveCfg = Debug|Any CPU
		{BDAD26C9-146D-4A15-ADDB-31E44767141D}.Debug|Any CPU.Build.0 = Debug|Any CPU
		{BDAD26C9-146D-4A15-ADDB-31E44767141D}.Release|Any CPU.ActiveCfg = Release|Any CPU
		{BDAD26C9-146D-4A15-ADDB-31E44767141D}.Release|Any CPU.Build.0 = Release|Any CPU
		{EA71E5BF-64B6-405D-A663-8F67BC566599}.Debug|Any CPU.ActiveCfg = Debug|Any CPU
		{EA71E5BF-64B6-405D-A663-8F67BC566599}.Debug|Any CPU.Build.0 = Debug|Any CPU
		{EA71E5BF-64B6-405D-A663-8F67BC566599}.Release|Any CPU.ActiveCfg = Release|Any CPU
		{EA71E5BF-64B6-405D-A663-8F67BC566599}.Release|Any CPU.Build.0 = Release|Any CPU
	EndGlobalSection
	GlobalSection(SolutionProperties) = preSolution
		HideSolutionNode = FALSE
	EndGlobalSection
EndGlobal
