
Microsoft Visual Studio Solution File, Format Version 12.00
# Visual Studio 15
VisualStudioVersion = 15.0.26430.6
MinimumVisualStudioVersion = 10.0.40219.1
Project("{FAE04EC0-301F-11D3-BF4B-00C04F79EFBC}") = "EditoraCrescer.Infraestrutura", "Aula05.Infraestrutura\EditoraCrescer.Infraestrutura.csproj", "{74A5A77B-3DA4-4C7A-9510-3803C4811204}"
EndProject
Project("{FAE04EC0-301F-11D3-BF4B-00C04F79EFBC}") = "Console", "Console\Console.csproj", "{FDFB6B14-94F7-4CF1-9BCA-6A6DED12D893}"
EndProject
Project("{FAE04EC0-301F-11D3-BF4B-00C04F79EFBC}") = "EditoraCrescer.Api", "EditoraCrescer.Api\EditoraCrescer.Api.csproj", "{CF71B393-5A1F-4AB5-8AF2-00386F27B2B2}"
EndProject
Global
	GlobalSection(SolutionConfigurationPlatforms) = preSolution
		Debug|Any CPU = Debug|Any CPU
		Release|Any CPU = Release|Any CPU
	EndGlobalSection
	GlobalSection(ProjectConfigurationPlatforms) = postSolution
		{74A5A77B-3DA4-4C7A-9510-3803C4811204}.Debug|Any CPU.ActiveCfg = Debug|Any CPU
		{74A5A77B-3DA4-4C7A-9510-3803C4811204}.Debug|Any CPU.Build.0 = Debug|Any CPU
		{74A5A77B-3DA4-4C7A-9510-3803C4811204}.Release|Any CPU.ActiveCfg = Release|Any CPU
		{74A5A77B-3DA4-4C7A-9510-3803C4811204}.Release|Any CPU.Build.0 = Release|Any CPU
		{FDFB6B14-94F7-4CF1-9BCA-6A6DED12D893}.Debug|Any CPU.ActiveCfg = Debug|Any CPU
		{FDFB6B14-94F7-4CF1-9BCA-6A6DED12D893}.Debug|Any CPU.Build.0 = Debug|Any CPU
		{FDFB6B14-94F7-4CF1-9BCA-6A6DED12D893}.Release|Any CPU.ActiveCfg = Release|Any CPU
		{FDFB6B14-94F7-4CF1-9BCA-6A6DED12D893}.Release|Any CPU.Build.0 = Release|Any CPU
		{CF71B393-5A1F-4AB5-8AF2-00386F27B2B2}.Debug|Any CPU.ActiveCfg = Debug|Any CPU
		{CF71B393-5A1F-4AB5-8AF2-00386F27B2B2}.Debug|Any CPU.Build.0 = Debug|Any CPU
		{CF71B393-5A1F-4AB5-8AF2-00386F27B2B2}.Release|Any CPU.ActiveCfg = Release|Any CPU
		{CF71B393-5A1F-4AB5-8AF2-00386F27B2B2}.Release|Any CPU.Build.0 = Release|Any CPU
	EndGlobalSection
	GlobalSection(SolutionProperties) = preSolution
		HideSolutionNode = FALSE
	EndGlobalSection
EndGlobal
